// !$*UTF8*$!
{
	archiveVersion = 1;
	classes = {
	};
	objectVersion = 56;
	objects = {

/* Begin PBXBuildFile section */
		2607B9FC2B4C1952006C038D /* Trade.swift in Sources */ = {isa = PBXBuildFile; fileRef = 2607B9FB2B4C1952006C038D /* Trade.swift */; };
		26288C0E2B4A713000AB8388 /* CoinListViewModel.swift in Sources */ = {isa = PBXBuildFile; fileRef = 26288C0D2B4A713000AB8388 /* CoinListViewModel.swift */; };
		26288C102B4A71A000AB8388 /* CoinMarket.swift in Sources */ = {isa = PBXBuildFile; fileRef = 26288C0F2B4A71A000AB8388 /* CoinMarket.swift */; };
		26288C132B4A935500AB8388 /* WebSocketManager.swift in Sources */ = {isa = PBXBuildFile; fileRef = 26288C122B4A935500AB8388 /* WebSocketManager.swift */; };
		26288C152B4A972E00AB8388 /* CurrentCoinValue.swift in Sources */ = {isa = PBXBuildFile; fileRef = 26288C142B4A972E00AB8388 /* CurrentCoinValue.swift */; };
		26288C172B4A989700AB8388 /* SocketViewModel.swift in Sources */ = {isa = PBXBuildFile; fileRef = 26288C162B4A989700AB8388 /* SocketViewModel.swift */; };
		26288C192B4ABA6100AB8388 /* ChartComponets.swift in Sources */ = {isa = PBXBuildFile; fileRef = 26288C182B4ABA6100AB8388 /* ChartComponets.swift */; };
		2697B15B2B4D6B4500737A24 /* ConvertCoinView.swift in Sources */ = {isa = PBXBuildFile; fileRef = 2697B15A2B4D6B4500737A24 /* ConvertCoinView.swift */; };
		2697B1602B4D6BE100737A24 /* TabBarButton.swift in Sources */ = {isa = PBXBuildFile; fileRef = 2697B15F2B4D6BE100737A24 /* TabBarButton.swift */; };
		2697B1622B4D6E3700737A24 /* CustomTopTabBar.swift in Sources */ = {isa = PBXBuildFile; fileRef = 2697B1612B4D6E3700737A24 /* CustomTopTabBar.swift */; };
		26DD82992B4932EF00364D2B /* UnForgettably_CoinApp.swift in Sources */ = {isa = PBXBuildFile; fileRef = 26DD82982B4932EF00364D2B /* UnForgettably_CoinApp.swift */; };
		26DD829B2B4932EF00364D2B /* ContentView.swift in Sources */ = {isa = PBXBuildFile; fileRef = 26DD829A2B4932EF00364D2B /* ContentView.swift */; };
		26DD829D2B4932F100364D2B /* Assets.xcassets in Resources */ = {isa = PBXBuildFile; fileRef = 26DD829C2B4932F100364D2B /* Assets.xcassets */; };
		26DD82A02B4932F100364D2B /* Preview Assets.xcassets in Resources */ = {isa = PBXBuildFile; fileRef = 26DD829F2B4932F100364D2B /* Preview Assets.xcassets */; };
		26DD82A72B4933CC00364D2B /* NewsListView.swift in Sources */ = {isa = PBXBuildFile; fileRef = 26DD82A62B4933CC00364D2B /* NewsListView.swift */; };
		26DD82A92B4933D700364D2B /* CoinMainView.swift in Sources */ = {isa = PBXBuildFile; fileRef = 26DD82A82B4933D700364D2B /* CoinMainView.swift */; };
		26DD82AD2B493A4C00364D2B /* CoinDetailView.swift in Sources */ = {isa = PBXBuildFile; fileRef = 26DD82AC2B493A4C00364D2B /* CoinDetailView.swift */; };
		26DD82B62B49886800364D2B /* .gitignore in Resources */ = {isa = PBXBuildFile; fileRef = 26DD82B52B49886800364D2B /* .gitignore */; };
		26DD82B82B49889500364D2B /* ServiceKey.swift in Sources */ = {isa = PBXBuildFile; fileRef = 26DD82B72B49889500364D2B /* ServiceKey.swift */; };
		26DD82BA2B4988E200364D2B /* NaverNews.swift in Sources */ = {isa = PBXBuildFile; fileRef = 26DD82B92B4988E200364D2B /* NaverNews.swift */; };
		26DD82C02B4989BE00364D2B /* Alamofire in Frameworks */ = {isa = PBXBuildFile; productRef = 26DD82BF2B4989BE00364D2B /* Alamofire */; };
		26DD82C62B49981C00364D2B /* NaverViewModel.swift in Sources */ = {isa = PBXBuildFile; fileRef = 26DD82C52B49981C00364D2B /* NaverViewModel.swift */; };
/* End PBXBuildFile section */

/* Begin PBXFileReference section */
		2607B9FB2B4C1952006C038D /* Trade.swift */ = {isa = PBXFileReference; lastKnownFileType = sourcecode.swift; path = Trade.swift; sourceTree = "<group>"; };
		26288C0D2B4A713000AB8388 /* CoinListViewModel.swift */ = {isa = PBXFileReference; lastKnownFileType = sourcecode.swift; path = CoinListViewModel.swift; sourceTree = "<group>"; };
		26288C0F2B4A71A000AB8388 /* CoinMarket.swift */ = {isa = PBXFileReference; lastKnownFileType = sourcecode.swift; path = CoinMarket.swift; sourceTree = "<group>"; };
		26288C122B4A935500AB8388 /* WebSocketManager.swift */ = {isa = PBXFileReference; lastKnownFileType = sourcecode.swift; path = WebSocketManager.swift; sourceTree = "<group>"; };
		26288C142B4A972E00AB8388 /* CurrentCoinValue.swift */ = {isa = PBXFileReference; lastKnownFileType = sourcecode.swift; path = CurrentCoinValue.swift; sourceTree = "<group>"; };
		26288C162B4A989700AB8388 /* SocketViewModel.swift */ = {isa = PBXFileReference; lastKnownFileType = sourcecode.swift; path = SocketViewModel.swift; sourceTree = "<group>"; };
		26288C182B4ABA6100AB8388 /* ChartComponets.swift */ = {isa = PBXFileReference; lastKnownFileType = sourcecode.swift; path = ChartComponets.swift; sourceTree = "<group>"; };
		2697B15A2B4D6B4500737A24 /* ConvertCoinView.swift */ = {isa = PBXFileReference; lastKnownFileType = sourcecode.swift; path = ConvertCoinView.swift; sourceTree = "<group>"; };
		2697B15F2B4D6BE100737A24 /* TabBarButton.swift */ = {isa = PBXFileReference; lastKnownFileType = sourcecode.swift; path = TabBarButton.swift; sourceTree = "<group>"; };
		2697B1612B4D6E3700737A24 /* CustomTopTabBar.swift */ = {isa = PBXFileReference; lastKnownFileType = sourcecode.swift; path = CustomTopTabBar.swift; sourceTree = "<group>"; };
		26DD82952B4932EF00364D2B /* UnForgettably_Coin.app */ = {isa = PBXFileReference; explicitFileType = wrapper.application; includeInIndex = 0; path = UnForgettably_Coin.app; sourceTree = BUILT_PRODUCTS_DIR; };
		26DD82982B4932EF00364D2B /* UnForgettably_CoinApp.swift */ = {isa = PBXFileReference; lastKnownFileType = sourcecode.swift; path = UnForgettably_CoinApp.swift; sourceTree = "<group>"; };
		26DD829A2B4932EF00364D2B /* ContentView.swift */ = {isa = PBXFileReference; lastKnownFileType = sourcecode.swift; path = ContentView.swift; sourceTree = "<group>"; };
		26DD829C2B4932F100364D2B /* Assets.xcassets */ = {isa = PBXFileReference; lastKnownFileType = folder.assetcatalog; path = Assets.xcassets; sourceTree = "<group>"; };
		26DD829F2B4932F100364D2B /* Preview Assets.xcassets */ = {isa = PBXFileReference; lastKnownFileType = folder.assetcatalog; path = "Preview Assets.xcassets"; sourceTree = "<group>"; };
		26DD82A62B4933CC00364D2B /* NewsListView.swift */ = {isa = PBXFileReference; lastKnownFileType = sourcecode.swift; path = NewsListView.swift; sourceTree = "<group>"; };
		26DD82A82B4933D700364D2B /* CoinMainView.swift */ = {isa = PBXFileReference; lastKnownFileType = sourcecode.swift; path = CoinMainView.swift; sourceTree = "<group>"; };
		26DD82AC2B493A4C00364D2B /* CoinDetailView.swift */ = {isa = PBXFileReference; lastKnownFileType = sourcecode.swift; path = CoinDetailView.swift; sourceTree = "<group>"; };
		26DD82B52B49886800364D2B /* .gitignore */ = {isa = PBXFileReference; lastKnownFileType = text; path = .gitignore; sourceTree = "<group>"; };
		26DD82B72B49889500364D2B /* ServiceKey.swift */ = {isa = PBXFileReference; lastKnownFileType = sourcecode.swift; path = ServiceKey.swift; sourceTree = "<group>"; };
		26DD82B92B4988E200364D2B /* NaverNews.swift */ = {isa = PBXFileReference; lastKnownFileType = sourcecode.swift; path = NaverNews.swift; sourceTree = "<group>"; };
		26DD82C52B49981C00364D2B /* NaverViewModel.swift */ = {isa = PBXFileReference; lastKnownFileType = sourcecode.swift; path = NaverViewModel.swift; sourceTree = "<group>"; };
/* End PBXFileReference section */

/* Begin PBXFrameworksBuildPhase section */
		26DD82922B4932EF00364D2B /* Frameworks */ = {
			isa = PBXFrameworksBuildPhase;
			buildActionMask = 2147483647;
			files = (
				26DD82C02B4989BE00364D2B /* Alamofire in Frameworks */,
			);
			runOnlyForDeploymentPostprocessing = 0;
		};
/* End PBXFrameworksBuildPhase section */

/* Begin PBXGroup section */
		26288C112B4A932700AB8388 /* WebSocket */ = {
			isa = PBXGroup;
			children = (
				26288C122B4A935500AB8388 /* WebSocketManager.swift */,
			);
			path = WebSocket;
			sourceTree = "<group>";
		};
		2697B15E2B4D6BCB00737A24 /* CustomTopBarButton */ = {
			isa = PBXGroup;
			children = (
				2697B15A2B4D6B4500737A24 /* ConvertCoinView.swift */,
				2697B15F2B4D6BE100737A24 /* TabBarButton.swift */,
				2697B1612B4D6E3700737A24 /* CustomTopTabBar.swift */,
			);
			path = CustomTopBarButton;
			sourceTree = "<group>";
		};
		26DD828C2B4932EF00364D2B = {
			isa = PBXGroup;
			children = (
				26DD82972B4932EF00364D2B /* UnForgettably_Coin */,
				26DD82962B4932EF00364D2B /* Products */,
			);
			sourceTree = "<group>";
		};
		26DD82962B4932EF00364D2B /* Products */ = {
			isa = PBXGroup;
			children = (
				26DD82952B4932EF00364D2B /* UnForgettably_Coin.app */,
			);
			name = Products;
			sourceTree = "<group>";
		};
		26DD82972B4932EF00364D2B /* UnForgettably_Coin */ = {
			isa = PBXGroup;
			children = (
				26DD82982B4932EF00364D2B /* UnForgettably_CoinApp.swift */,
				26DD829A2B4932EF00364D2B /* ContentView.swift */,
				26DD82BB2B49898200364D2B /* ViewModel */,
				26DD82AE2B4987DA00364D2B /* Model */,
				26DD82AF2B4987EC00364D2B /* News */,
				26DD82B02B4987F100364D2B /* CoinView */,
				26288C112B4A932700AB8388 /* WebSocket */,
				26DD82B52B49886800364D2B /* .gitignore */,
				26DD82B72B49889500364D2B /* ServiceKey.swift */,
				26DD829C2B4932F100364D2B /* Assets.xcassets */,
				26DD829E2B4932F100364D2B /* Preview Content */,
			);
			path = UnForgettably_Coin;
			sourceTree = "<group>";
		};
		26DD829E2B4932F100364D2B /* Preview Content */ = {
			isa = PBXGroup;
			children = (
				26DD829F2B4932F100364D2B /* Preview Assets.xcassets */,
			);
			path = "Preview Content";
			sourceTree = "<group>";
		};
		26DD82AE2B4987DA00364D2B /* Model */ = {
			isa = PBXGroup;
			children = (
				26DD82B92B4988E200364D2B /* NaverNews.swift */,
				26288C0F2B4A71A000AB8388 /* CoinMarket.swift */,
				26288C142B4A972E00AB8388 /* CurrentCoinValue.swift */,
				26288C182B4ABA6100AB8388 /* ChartComponets.swift */,
				2607B9FB2B4C1952006C038D /* Trade.swift */,
			);
			path = Model;
			sourceTree = "<group>";
		};
		26DD82AF2B4987EC00364D2B /* News */ = {
			isa = PBXGroup;
			children = (
				26DD82A62B4933CC00364D2B /* NewsListView.swift */,
			);
			path = News;
			sourceTree = "<group>";
		};
		26DD82B02B4987F100364D2B /* CoinView */ = {
			isa = PBXGroup;
			children = (
				26DD82A82B4933D700364D2B /* CoinMainView.swift */,
				2697B15E2B4D6BCB00737A24 /* CustomTopBarButton */,
				26DD82AC2B493A4C00364D2B /* CoinDetailView.swift */,
			);
			path = CoinView;
			sourceTree = "<group>";
		};
		26DD82BB2B49898200364D2B /* ViewModel */ = {
			isa = PBXGroup;
			children = (
				26DD82C52B49981C00364D2B /* NaverViewModel.swift */,
				26288C0D2B4A713000AB8388 /* CoinListViewModel.swift */,
				26288C162B4A989700AB8388 /* SocketViewModel.swift */,
			);
			path = ViewModel;
			sourceTree = "<group>";
		};
/* End PBXGroup section */

/* Begin PBXNativeTarget section */
		26DD82942B4932EF00364D2B /* UnForgettably_Coin */ = {
			isa = PBXNativeTarget;
			buildConfigurationList = 26DD82A32B4932F100364D2B /* Build configuration list for PBXNativeTarget "UnForgettably_Coin" */;
			buildPhases = (
				26DD82912B4932EF00364D2B /* Sources */,
				26DD82922B4932EF00364D2B /* Frameworks */,
				26DD82932B4932EF00364D2B /* Resources */,
			);
			buildRules = (
			);
			dependencies = (
			);
			name = UnForgettably_Coin;
			packageProductDependencies = (
				26DD82BF2B4989BE00364D2B /* Alamofire */,
			);
			productName = UnForgettably_Coin;
			productReference = 26DD82952B4932EF00364D2B /* UnForgettably_Coin.app */;
			productType = "com.apple.product-type.application";
		};
/* End PBXNativeTarget section */

/* Begin PBXProject section */
		26DD828D2B4932EF00364D2B /* Project object */ = {
			isa = PBXProject;
			attributes = {
				BuildIndependentTargetsInParallel = 1;
				LastSwiftUpdateCheck = 1510;
				LastUpgradeCheck = 1510;
				TargetAttributes = {
					26DD82942B4932EF00364D2B = {
						CreatedOnToolsVersion = 15.1;
					};
				};
			};
			buildConfigurationList = 26DD82902B4932EF00364D2B /* Build configuration list for PBXProject "UnForgettably_Coin" */;
			compatibilityVersion = "Xcode 14.0";
			developmentRegion = en;
			hasScannedForEncodings = 0;
			knownRegions = (
				en,
				Base,
			);
			mainGroup = 26DD828C2B4932EF00364D2B;
			packageReferences = (
				26DD82BE2B4989BE00364D2B /* XCRemoteSwiftPackageReference "Alamofire" */,
			);
			productRefGroup = 26DD82962B4932EF00364D2B /* Products */;
			projectDirPath = "";
			projectRoot = "";
			targets = (
				26DD82942B4932EF00364D2B /* UnForgettably_Coin */,
			);
		};
/* End PBXProject section */

/* Begin PBXResourcesBuildPhase section */
		26DD82932B4932EF00364D2B /* Resources */ = {
			isa = PBXResourcesBuildPhase;
			buildActionMask = 2147483647;
			files = (
				26DD82A02B4932F100364D2B /* Preview Assets.xcassets in Resources */,
				26DD82B62B49886800364D2B /* .gitignore in Resources */,
				26DD829D2B4932F100364D2B /* Assets.xcassets in Resources */,
			);
			runOnlyForDeploymentPostprocessing = 0;
		};
/* End PBXResourcesBuildPhase section */

/* Begin PBXSourcesBuildPhase section */
		26DD82912B4932EF00364D2B /* Sources */ = {
			isa = PBXSourcesBuildPhase;
			buildActionMask = 2147483647;
			files = (
				26288C152B4A972E00AB8388 /* CurrentCoinValue.swift in Sources */,
				2697B1602B4D6BE100737A24 /* TabBarButton.swift in Sources */,
				26DD82C62B49981C00364D2B /* NaverViewModel.swift in Sources */,
				26DD829B2B4932EF00364D2B /* ContentView.swift in Sources */,
				26DD82A72B4933CC00364D2B /* NewsListView.swift in Sources */,
				26DD82AD2B493A4C00364D2B /* CoinDetailView.swift in Sources */,
				2607B9FC2B4C1952006C038D /* Trade.swift in Sources */,
				26DD82BA2B4988E200364D2B /* NaverNews.swift in Sources */,
				2697B1622B4D6E3700737A24 /* CustomTopTabBar.swift in Sources */,
				26DD82A92B4933D700364D2B /* CoinMainView.swift in Sources */,
				2697B15B2B4D6B4500737A24 /* ConvertCoinView.swift in Sources */,
				26288C102B4A71A000AB8388 /* CoinMarket.swift in Sources */,
				26DD82992B4932EF00364D2B /* UnForgettably_CoinApp.swift in Sources */,
				26DD82B82B49889500364D2B /* ServiceKey.swift in Sources */,
				26288C192B4ABA6100AB8388 /* ChartComponets.swift in Sources */,
				26288C0E2B4A713000AB8388 /* CoinListViewModel.swift in Sources */,
				26288C132B4A935500AB8388 /* WebSocketManager.swift in Sources */,
				26288C172B4A989700AB8388 /* SocketViewModel.swift in Sources */,
			);
			runOnlyForDeploymentPostprocessing = 0;
		};
/* End PBXSourcesBuildPhase section */

/* Begin XCBuildConfiguration section */
		26DD82A12B4932F100364D2B /* Debug */ = {
			isa = XCBuildConfiguration;
			buildSettings = {
				ALWAYS_SEARCH_USER_PATHS = NO;
				ASSETCATALOG_COMPILER_GENERATE_SWIFT_ASSET_SYMBOL_EXTENSIONS = YES;
				CLANG_ANALYZER_NONNULL = YES;
				CLANG_ANALYZER_NUMBER_OBJECT_CONVERSION = YES_AGGRESSIVE;
				CLANG_CXX_LANGUAGE_STANDARD = "gnu++20";
				CLANG_ENABLE_MODULES = YES;
				CLANG_ENABLE_OBJC_ARC = YES;
				CLANG_ENABLE_OBJC_WEAK = YES;
				CLANG_WARN_BLOCK_CAPTURE_AUTORELEASING = YES;
				CLANG_WARN_BOOL_CONVERSION = YES;
				CLANG_WARN_COMMA = YES;
				CLANG_WARN_CONSTANT_CONVERSION = YES;
				CLANG_WARN_DEPRECATED_OBJC_IMPLEMENTATIONS = YES;
				CLANG_WARN_DIRECT_OBJC_ISA_USAGE = YES_ERROR;
				CLANG_WARN_DOCUMENTATION_COMMENTS = YES;
				CLANG_WARN_EMPTY_BODY = YES;
				CLANG_WARN_ENUM_CONVERSION = YES;
				CLANG_WARN_INFINITE_RECURSION = YES;
				CLANG_WARN_INT_CONVERSION = YES;
				CLANG_WARN_NON_LITERAL_NULL_CONVERSION = YES;
				CLANG_WARN_OBJC_IMPLICIT_RETAIN_SELF = YES;
				CLANG_WARN_OBJC_LITERAL_CONVERSION = YES;
				CLANG_WARN_OBJC_ROOT_CLASS = YES_ERROR;
				CLANG_WARN_QUOTED_INCLUDE_IN_FRAMEWORK_HEADER = YES;
				CLANG_WARN_RANGE_LOOP_ANALYSIS = YES;
				CLANG_WARN_STRICT_PROTOTYPES = YES;
				CLANG_WARN_SUSPICIOUS_MOVE = YES;
				CLANG_WARN_UNGUARDED_AVAILABILITY = YES_AGGRESSIVE;
				CLANG_WARN_UNREACHABLE_CODE = YES;
				CLANG_WARN__DUPLICATE_METHOD_MATCH = YES;
				COPY_PHASE_STRIP = NO;
				DEBUG_INFORMATION_FORMAT = dwarf;
				ENABLE_STRICT_OBJC_MSGSEND = YES;
				ENABLE_TESTABILITY = YES;
				ENABLE_USER_SCRIPT_SANDBOXING = YES;
				GCC_C_LANGUAGE_STANDARD = gnu17;
				GCC_DYNAMIC_NO_PIC = NO;
				GCC_NO_COMMON_BLOCKS = YES;
				GCC_OPTIMIZATION_LEVEL = 0;
				GCC_PREPROCESSOR_DEFINITIONS = (
					"DEBUG=1",
					"$(inherited)",
				);
				GCC_WARN_64_TO_32_BIT_CONVERSION = YES;
				GCC_WARN_ABOUT_RETURN_TYPE = YES_ERROR;
				GCC_WARN_UNDECLARED_SELECTOR = YES;
				GCC_WARN_UNINITIALIZED_AUTOS = YES_AGGRESSIVE;
				GCC_WARN_UNUSED_FUNCTION = YES;
				GCC_WARN_UNUSED_VARIABLE = YES;
				IPHONEOS_DEPLOYMENT_TARGET = 17.2;
				LOCALIZATION_PREFERS_STRING_CATALOGS = YES;
				MTL_ENABLE_DEBUG_INFO = INCLUDE_SOURCE;
				MTL_FAST_MATH = YES;
				ONLY_ACTIVE_ARCH = YES;
				SDKROOT = iphoneos;
				SWIFT_ACTIVE_COMPILATION_CONDITIONS = "DEBUG $(inherited)";
				SWIFT_OPTIMIZATION_LEVEL = "-Onone";
			};
			name = Debug;
		};
		26DD82A22B4932F100364D2B /* Release */ = {
			isa = XCBuildConfiguration;
			buildSettings = {
				ALWAYS_SEARCH_USER_PATHS = NO;
				ASSETCATALOG_COMPILER_GENERATE_SWIFT_ASSET_SYMBOL_EXTENSIONS = YES;
				CLANG_ANALYZER_NONNULL = YES;
				CLANG_ANALYZER_NUMBER_OBJECT_CONVERSION = YES_AGGRESSIVE;
				CLANG_CXX_LANGUAGE_STANDARD = "gnu++20";
				CLANG_ENABLE_MODULES = YES;
				CLANG_ENABLE_OBJC_ARC = YES;
				CLANG_ENABLE_OBJC_WEAK = YES;
				CLANG_WARN_BLOCK_CAPTURE_AUTORELEASING = YES;
				CLANG_WARN_BOOL_CONVERSION = YES;
				CLANG_WARN_COMMA = YES;
				CLANG_WARN_CONSTANT_CONVERSION = YES;
				CLANG_WARN_DEPRECATED_OBJC_IMPLEMENTATIONS = YES;
				CLANG_WARN_DIRECT_OBJC_ISA_USAGE = YES_ERROR;
				CLANG_WARN_DOCUMENTATION_COMMENTS = YES;
				CLANG_WARN_EMPTY_BODY = YES;
				CLANG_WARN_ENUM_CONVERSION = YES;
				CLANG_WARN_INFINITE_RECURSION = YES;
				CLANG_WARN_INT_CONVERSION = YES;
				CLANG_WARN_NON_LITERAL_NULL_CONVERSION = YES;
				CLANG_WARN_OBJC_IMPLICIT_RETAIN_SELF = YES;
				CLANG_WARN_OBJC_LITERAL_CONVERSION = YES;
				CLANG_WARN_OBJC_ROOT_CLASS = YES_ERROR;
				CLANG_WARN_QUOTED_INCLUDE_IN_FRAMEWORK_HEADER = YES;
				CLANG_WARN_RANGE_LOOP_ANALYSIS = YES;
				CLANG_WARN_STRICT_PROTOTYPES = YES;
				CLANG_WARN_SUSPICIOUS_MOVE = YES;
				CLANG_WARN_UNGUARDED_AVAILABILITY = YES_AGGRESSIVE;
				CLANG_WARN_UNREACHABLE_CODE = YES;
				CLANG_WARN__DUPLICATE_METHOD_MATCH = YES;
				COPY_PHASE_STRIP = NO;
				DEBUG_INFORMATION_FORMAT = "dwarf-with-dsym";
				ENABLE_NS_ASSERTIONS = NO;
				ENABLE_STRICT_OBJC_MSGSEND = YES;
				ENABLE_USER_SCRIPT_SANDBOXING = YES;
				GCC_C_LANGUAGE_STANDARD = gnu17;
				GCC_NO_COMMON_BLOCKS = YES;
				GCC_WARN_64_TO_32_BIT_CONVERSION = YES;
				GCC_WARN_ABOUT_RETURN_TYPE = YES_ERROR;
				GCC_WARN_UNDECLARED_SELECTOR = YES;
				GCC_WARN_UNINITIALIZED_AUTOS = YES_AGGRESSIVE;
				GCC_WARN_UNUSED_FUNCTION = YES;
				GCC_WARN_UNUSED_VARIABLE = YES;
				IPHONEOS_DEPLOYMENT_TARGET = 17.2;
				LOCALIZATION_PREFERS_STRING_CATALOGS = YES;
				MTL_ENABLE_DEBUG_INFO = NO;
				MTL_FAST_MATH = YES;
				SDKROOT = iphoneos;
				SWIFT_COMPILATION_MODE = wholemodule;
				VALIDATE_PRODUCT = YES;
			};
			name = Release;
		};
		26DD82A42B4932F100364D2B /* Debug */ = {
			isa = XCBuildConfiguration;
			buildSettings = {
				ASSETCATALOG_COMPILER_APPICON_NAME = AppIcon;
				ASSETCATALOG_COMPILER_GLOBAL_ACCENT_COLOR_NAME = AccentColor;
				CODE_SIGN_STYLE = Automatic;
				CURRENT_PROJECT_VERSION = 1;
				DEVELOPMENT_ASSET_PATHS = "\"UnForgettably_Coin/Preview Content\"";
				DEVELOPMENT_TEAM = D3U7XS5ZX2;
				ENABLE_PREVIEWS = YES;
				GENERATE_INFOPLIST_FILE = YES;
				INFOPLIST_KEY_UIApplicationSceneManifest_Generation = YES;
				INFOPLIST_KEY_UIApplicationSupportsIndirectInputEvents = YES;
				INFOPLIST_KEY_UILaunchScreen_Generation = YES;
				INFOPLIST_KEY_UISupportedInterfaceOrientations_iPad = "UIInterfaceOrientationPortrait UIInterfaceOrientationPortraitUpsideDown UIInterfaceOrientationLandscapeLeft UIInterfaceOrientationLandscapeRight";
				INFOPLIST_KEY_UISupportedInterfaceOrientations_iPhone = "UIInterfaceOrientationPortrait UIInterfaceOrientationLandscapeLeft UIInterfaceOrientationLandscapeRight";
				IPHONEOS_DEPLOYMENT_TARGET = 17.0;
				LD_RUNPATH_SEARCH_PATHS = (
					"$(inherited)",
					"@executable_path/Frameworks",
				);
				MARKETING_VERSION = 1.0;
				PRODUCT_BUNDLE_IDENTIFIER = "com.present.UnForgettably-Coin";
				PRODUCT_NAME = "$(TARGET_NAME)";
				SWIFT_EMIT_LOC_STRINGS = YES;
				SWIFT_VERSION = 5.0;
				TARGETED_DEVICE_FAMILY = "1,2";
			};
			name = Debug;
		};
		26DD82A52B4932F100364D2B /* Release */ = {
			isa = XCBuildConfiguration;
			buildSettings = {
				ASSETCATALOG_COMPILER_APPICON_NAME = AppIcon;
				ASSETCATALOG_COMPILER_GLOBAL_ACCENT_COLOR_NAME = AccentColor;
				CODE_SIGN_STYLE = Automatic;
				CURRENT_PROJECT_VERSION = 1;
				DEVELOPMENT_ASSET_PATHS = "\"UnForgettably_Coin/Preview Content\"";
				DEVELOPMENT_TEAM = D3U7XS5ZX2;
				ENABLE_PREVIEWS = YES;
				GENERATE_INFOPLIST_FILE = YES;
				INFOPLIST_KEY_UIApplicationSceneManifest_Generation = YES;
				INFOPLIST_KEY_UIApplicationSupportsIndirectInputEvents = YES;
				INFOPLIST_KEY_UILaunchScreen_Generation = YES;
				INFOPLIST_KEY_UISupportedInterfaceOrientations_iPad = "UIInterfaceOrientationPortrait UIInterfaceOrientationPortraitUpsideDown UIInterfaceOrientationLandscapeLeft UIInterfaceOrientationLandscapeRight";
				INFOPLIST_KEY_UISupportedInterfaceOrientations_iPhone = "UIInterfaceOrientationPortrait UIInterfaceOrientationLandscapeLeft UIInterfaceOrientationLandscapeRight";
				IPHONEOS_DEPLOYMENT_TARGET = 17.0;
				LD_RUNPATH_SEARCH_PATHS = (
					"$(inherited)",
					"@executable_path/Frameworks",
				);
				MARKETING_VERSION = 1.0;
				PRODUCT_BUNDLE_IDENTIFIER = "com.present.UnForgettably-Coin";
				PRODUCT_NAME = "$(TARGET_NAME)";
				SWIFT_EMIT_LOC_STRINGS = YES;
				SWIFT_VERSION = 5.0;
				TARGETED_DEVICE_FAMILY = "1,2";
			};
			name = Release;
		};
/* End XCBuildConfiguration section */

/* Begin XCConfigurationList section */
		26DD82902B4932EF00364D2B /* Build configuration list for PBXProject "UnForgettably_Coin" */ = {
			isa = XCConfigurationList;
			buildConfigurations = (
				26DD82A12B4932F100364D2B /* Debug */,
				26DD82A22B4932F100364D2B /* Release */,
			);
			defaultConfigurationIsVisible = 0;
			defaultConfigurationName = Release;
		};
		26DD82A32B4932F100364D2B /* Build configuration list for PBXNativeTarget "UnForgettably_Coin" */ = {
			isa = XCConfigurationList;
			buildConfigurations = (
				26DD82A42B4932F100364D2B /* Debug */,
				26DD82A52B4932F100364D2B /* Release */,
			);
			defaultConfigurationIsVisible = 0;
			defaultConfigurationName = Release;
		};
/* End XCConfigurationList section */

/* Begin XCRemoteSwiftPackageReference section */
		26DD82BE2B4989BE00364D2B /* XCRemoteSwiftPackageReference "Alamofire" */ = {
			isa = XCRemoteSwiftPackageReference;
			repositoryURL = "https://github.com/Alamofire/Alamofire";
			requirement = {
				kind = upToNextMajorVersion;
				minimumVersion = 5.8.1;
			};
		};
/* End XCRemoteSwiftPackageReference section */

/* Begin XCSwiftPackageProductDependency section */
		26DD82BF2B4989BE00364D2B /* Alamofire */ = {
			isa = XCSwiftPackageProductDependency;
			package = 26DD82BE2B4989BE00364D2B /* XCRemoteSwiftPackageReference "Alamofire" */;
			productName = Alamofire;
		};
/* End XCSwiftPackageProductDependency section */
	};
	rootObject = 26DD828D2B4932EF00364D2B /* Project object */;
}
